{
  "requires": true,
  "lockfileVersion": 1,
  "dependencies": {
    "@popperjs/core": {
      "version": "2.9.2",
      "resolved": "https://registry.npmjs.org/@popperjs/core/-/core-2.9.2.tgz",
      "integrity": "sha512-VZMYa7+fXHdwIq1TDhSXoVmSPEGM/aa+6Aiq3nVVJ9bXr24zScr+NlKFKC3iPljA7ho/GAZr+d2jOf5GIRC30Q=="
    },
    "sweetalert2": {
      "version": "10.15.7",
      "resolved": "https://registry.npmjs.org/sweetalert2/-/sweetalert2-10.15.7.tgz",
      "integrity": "sha512-imY0MR03NGefPcGzSYjWYz1GMIlniusEBXilswvKrHD/GMiTxA5jnsdjtK2IoRyXfEaqV7GWt6DM4YVjAZU8gw=="
    }
  }
}
