{
  "requires": true,
  "lockfileVersion": 1,
  "dependencies": {
    "chart.js": {
      "version": "3.1.1",
      "resolved": "https://registry.npmjs.org/chart.js/-/chart.js-3.1.1.tgz",
      "integrity": "sha512-ghNJersc9VD9MECwa5bL8gqvCkndW6RSCicdEHL9lIriNtXwKawlSmwo+u6KNXLYT2+f24GdFPBoynKW3ke4MQ=="
    },
    "sweetalert2": {
      "version": "10.15.5",
      "resolved": "https://registry.npmjs.org/sweetalert2/-/sweetalert2-10.15.5.tgz",
      "integrity": "sha512-zHZqVpsEyfBVy/O25D7RMYyh+/h0jbmHXGK9DWEDnkPvsl4JlMueJRSEidAFS+mtYDLI8fFkGKltgHRvDPRV1g=="
    }
  }
}
